
Microsoft Visual Studio Solution File, Format Version 12.00
# Visual Studio Version 17
VisualStudioVersion = 17.13.35919.96
MinimumVisualStudioVersion = 10.0.40219.1
Project("{FAE04EC0-301F-11D3-BF4B-00C04F79EFBC}") = "DynamicWallpaper.Service", "DynamicWallpaper.Service\DynamicWallpaper.Service.csproj", "{B9942D04-A40E-4485-95F6-CA87796F666E}"
EndProject
Project("{FAE04EC0-301F-11D3-BF4B-00C04F79EFBC}") = "DynamicWallpaper.Player", "DynamicWallpaper.Player\DynamicWallpaper.Player.csproj", "{C61781CB-332B-4F33-91ED-932B08E3FF58}"
EndProject
Project("{FAE04EC0-301F-11D3-BF4B-00C04F79EFBC}") = "DynamicWallpaper.Core", "DynamicWallpaper.Core\DynamicWallpaper.Core.csproj", "{91400555-5C5D-504F-ABEF-06963954E75C}"
EndProject
Project("{FAE04EC0-301F-11D3-BF4B-00C04F79EFBC}") = "DynamicWallpaper.UI", "DynamicWallpaper.UI\DynamicWallpaper.UI.csproj", "{906B6F56-1FC4-2939-9E20-154C0C841A71}"
EndProject
Global
	GlobalSection(SolutionConfigurationPlatforms) = preSolution
		Debug|Any CPU = Debug|Any CPU
		Release|Any CPU = Release|Any CPU
	EndGlobalSection
	GlobalSection(ProjectConfigurationPlatforms) = postSolution
		{B9942D04-A40E-4485-95F6-CA87796F666E}.Debug|Any CPU.ActiveCfg = Debug|Any CPU
		{B9942D04-A40E-4485-95F6-CA87796F666E}.Debug|Any CPU.Build.0 = Debug|Any CPU
		{B9942D04-A40E-4485-95F6-CA87796F666E}.Release|Any CPU.ActiveCfg = Release|Any CPU
		{B9942D04-A40E-4485-95F6-CA87796F666E}.Release|Any CPU.Build.0 = Release|Any CPU
		{C61781CB-332B-4F33-91ED-932B08E3FF58}.Debug|Any CPU.ActiveCfg = Debug|Any CPU
		{C61781CB-332B-4F33-91ED-932B08E3FF58}.Debug|Any CPU.Build.0 = Debug|Any CPU
		{C61781CB-332B-4F33-91ED-932B08E3FF58}.Release|Any CPU.ActiveCfg = Release|Any CPU
		{C61781CB-332B-4F33-91ED-932B08E3FF58}.Release|Any CPU.Build.0 = Release|Any CPU
		{91400555-5C5D-504F-ABEF-06963954E75C}.Debug|Any CPU.ActiveCfg = Debug|Any CPU
		{91400555-5C5D-504F-ABEF-06963954E75C}.Debug|Any CPU.Build.0 = Debug|Any CPU
		{91400555-5C5D-504F-ABEF-06963954E75C}.Release|Any CPU.ActiveCfg = Release|Any CPU
		{91400555-5C5D-504F-ABEF-06963954E75C}.Release|Any CPU.Build.0 = Release|Any CPU
		{906B6F56-1FC4-2939-9E20-154C0C841A71}.Debug|Any CPU.ActiveCfg = Debug|Any CPU
		{906B6F56-1FC4-2939-9E20-154C0C841A71}.Debug|Any CPU.Build.0 = Debug|Any CPU
		{906B6F56-1FC4-2939-9E20-154C0C841A71}.Release|Any CPU.ActiveCfg = Release|Any CPU
		{906B6F56-1FC4-2939-9E20-154C0C841A71}.Release|Any CPU.Build.0 = Release|Any CPU
	EndGlobalSection
	GlobalSection(SolutionProperties) = preSolution
		HideSolutionNode = FALSE
	EndGlobalSection
	GlobalSection(ExtensibilityGlobals) = postSolution
		SolutionGuid = {CDEF0990-6984-4F45-BEB8-301EA8E58C66}
	EndGlobalSection
EndGlobal
